Microsoft Visual Studio Solution File, Format Version 12.00
# Visual Studio Version 17
VisualStudioVersion = 17.0.31717.71
MinimumVisualStudioVersion = 10.0.40219.1
Project("{9A19103F-16F7-4668-BE54-9A1E7A4F7556}") = "TestMudBlazorApplication", "TestMudBlazorApplication.csproj", "{800A1578-B8E6-426F-8EB4-9BF804E68543}"
EndProject
Global
	GlobalSection(SolutionConfigurationPlatforms) = preSolution
		Debug|Any CPU = Debug|Any CPU
		Release|Any CPU = Release|Any CPU
	EndGlobalSection
	GlobalSection(ProjectConfigurationPlatforms) = postSolution
		{800A1578-B8E6-426F-8EB4-9BF804E68543}.Debug|Any CPU.ActiveCfg = Debug|Any CPU
		{800A1578-B8E6-426F-8EB4-9BF804E68543}.Debug|Any CPU.Build.0 = Debug|Any CPU
		{800A1578-B8E6-426F-8EB4-9BF804E68543}.Release|Any CPU.ActiveCfg = Release|Any CPU
		{800A1578-B8E6-426F-8EB4-9BF804E68543}.Release|Any CPU.Build.0 = Release|Any CPU
	EndGlobalSection
	GlobalSection(SolutionProperties) = preSolution
		HideSolutionNode = FALSE
	EndGlobalSection
	GlobalSection(ExtensibilityGlobals) = postSolution
		SolutionGuid = {4DAA0AC2-D1B6-45DD-B921-EA38367E55FC}
	EndGlobalSection
EndGlobal
